// !$*UTF8*$!
{
	archiveVersion = 1;
	classes = {
	};
	objectVersion = 77;
	objects = {

/* Begin PBXBuildFile section */
		AFC5B3382EB29B5D0072A4F3 /* AppDelegate.swift in Sources */ = {isa = PBXBuildFile; fileRef = AFC5B3302EB29B5D0072A4F3 /* AppDelegate.swift */; };
		AFC5B3392EB29B5D0072A4F3 /* SceneDelegate.swift in Sources */ = {isa = PBXBuildFile; fileRef = AFC5B3352EB29B5D0072A4F3 /* SceneDelegate.swift */; };
		AFC5B33B2EB29B5D0072A4F3 /* Assets.xcassets in Resources */ = {isa = PBXBuildFile; fileRef = AFC5B3312EB29B5D0072A4F3 /* Assets.xcassets */; };
		AFC5B33D2EB29B5D0072A4F3 /* LaunchScreen.storyboard in Resources */ = {isa = PBXBuildFile; fileRef = AFC5B3342EB29B5D0072A4F3 /* LaunchScreen.storyboard */; };
		AFC5B3452EB29E0D0072A4F3 /* LoginVC.swift in Sources */ = {isa = PBXBuildFile; fileRef = AFC5B3442EB29E0D0072A4F3 /* LoginVC.swift */; };
		AFC5B34E2EB29F0E0072A4F3 /* Manrope-SemiBold.ttf in Resources */ = {isa = PBXBuildFile; fileRef = AFC5B34D2EB29F0E0072A4F3 /* Manrope-SemiBold.ttf */; };
		AFC5B34F2EB29F0E0072A4F3 /* Manrope-Bold.ttf in Resources */ = {isa = PBXBuildFile; fileRef = AFC5B3492EB29F0E0072A4F3 /* Manrope-Bold.ttf */; };
		AFC5B3502EB29F0E0072A4F3 /* Manrope-Light.ttf in Resources */ = {isa = PBXBuildFile; fileRef = AFC5B34A2EB29F0E0072A4F3 /* Manrope-Light.ttf */; };
		AFC5B3512EB29F0E0072A4F3 /* Manrope-Medium.ttf in Resources */ = {isa = PBXBuildFile; fileRef = AFC5B34B2EB29F0E0072A4F3 /* Manrope-Medium.ttf */; };
		AFC5B3522EB29F0E0072A4F3 /* Manrope-Regular.ttf in Resources */ = {isa = PBXBuildFile; fileRef = AFC5B34C2EB29F0E0072A4F3 /* Manrope-Regular.ttf */; };
		AFC5B3552EB29F370072A4F3 /* UIFont+Ext.swift in Sources */ = {isa = PBXBuildFile; fileRef = AFC5B3542EB29F370072A4F3 /* UIFont+Ext.swift */; };
		AFC5B3582EB2A0490072A4F3 /* RegisterVC.swift in Sources */ = {isa = PBXBuildFile; fileRef = AFC5B3572EB2A0490072A4F3 /* RegisterVC.swift */; };
		AFC5B35A2EB2A0760072A4F3 /* UIColor+Ext.swift in Sources */ = {isa = PBXBuildFile; fileRef = AFC5B3592EB2A0760072A4F3 /* UIColor+Ext.swift */; };
		AFC5B35D2EB2A0C70072A4F3 /* Hero in Frameworks */ = {isa = PBXBuildFile; productRef = AFC5B35C2EB2A0C70072A4F3 /* Hero */; };
		AFC5B3602EB2A0DA0072A4F3 /* SnapKit in Frameworks */ = {isa = PBXBuildFile; productRef = AFC5B35F2EB2A0DA0072A4F3 /* SnapKit */; };
		AFC5B3622EB2A0EB0072A4F3 /* UIViewController+Ext.swift in Sources */ = {isa = PBXBuildFile; fileRef = AFC5B3612EB2A0EB0072A4F3 /* UIViewController+Ext.swift */; };
/* End PBXBuildFile section */

/* Begin PBXFileReference section */
		AFC5B3182EB29B440072A4F3 /* Login&RegisterUI-2.app */ = {isa = PBXFileReference; explicitFileType = wrapper.application; includeInIndex = 0; path = "Login&RegisterUI-2.app"; sourceTree = BUILT_PRODUCTS_DIR; };
		AFC5B3302EB29B5D0072A4F3 /* AppDelegate.swift */ = {isa = PBXFileReference; lastKnownFileType = sourcecode.swift; path = AppDelegate.swift; sourceTree = "<group>"; };
		AFC5B3312EB29B5D0072A4F3 /* Assets.xcassets */ = {isa = PBXFileReference; lastKnownFileType = folder.assetcatalog; path = Assets.xcassets; sourceTree = "<group>"; };
		AFC5B3322EB29B5D0072A4F3 /* Info.plist */ = {isa = PBXFileReference; lastKnownFileType = text.plist.xml; path = Info.plist; sourceTree = "<group>"; };
		AFC5B3332EB29B5D0072A4F3 /* Base */ = {isa = PBXFileReference; lastKnownFileType = file.storyboard; name = Base; path = Base.lproj/LaunchScreen.storyboard; sourceTree = "<group>"; };
		AFC5B3352EB29B5D0072A4F3 /* SceneDelegate.swift */ = {isa = PBXFileReference; lastKnownFileType = sourcecode.swift; path = SceneDelegate.swift; sourceTree = "<group>"; };
		AFC5B3442EB29E0D0072A4F3 /* LoginVC.swift */ = {isa = PBXFileReference; lastKnownFileType = sourcecode.swift; path = LoginVC.swift; sourceTree = "<group>"; };
		AFC5B3492EB29F0E0072A4F3 /* Manrope-Bold.ttf */ = {isa = PBXFileReference; lastKnownFileType = file; path = "Manrope-Bold.ttf"; sourceTree = "<group>"; };
		AFC5B34A2EB29F0E0072A4F3 /* Manrope-Light.ttf */ = {isa = PBXFileReference; lastKnownFileType = file; path = "Manrope-Light.ttf"; sourceTree = "<group>"; };
		AFC5B34B2EB29F0E0072A4F3 /* Manrope-Medium.ttf */ = {isa = PBXFileReference; lastKnownFileType = file; path = "Manrope-Medium.ttf"; sourceTree = "<group>"; };
		AFC5B34C2EB29F0E0072A4F3 /* Manrope-Regular.ttf */ = {isa = PBXFileReference; lastKnownFileType = file; path = "Manrope-Regular.ttf"; sourceTree = "<group>"; };
		AFC5B34D2EB29F0E0072A4F3 /* Manrope-SemiBold.ttf */ = {isa = PBXFileReference; lastKnownFileType = file; path = "Manrope-SemiBold.ttf"; sourceTree = "<group>"; };
		AFC5B3542EB29F370072A4F3 /* UIFont+Ext.swift */ = {isa = PBXFileReference; lastKnownFileType = sourcecode.swift; path = "UIFont+Ext.swift"; sourceTree = "<group>"; };
		AFC5B3572EB2A0490072A4F3 /* RegisterVC.swift */ = {isa = PBXFileReference; lastKnownFileType = sourcecode.swift; path = RegisterVC.swift; sourceTree = "<group>"; };
		AFC5B3592EB2A0760072A4F3 /* UIColor+Ext.swift */ = {isa = PBXFileReference; lastKnownFileType = sourcecode.swift; path = "UIColor+Ext.swift"; sourceTree = "<group>"; };
		AFC5B3612EB2A0EB0072A4F3 /* UIViewController+Ext.swift */ = {isa = PBXFileReference; lastKnownFileType = sourcecode.swift; path = "UIViewController+Ext.swift"; sourceTree = "<group>"; };
/* End PBXFileReference section */

/* Begin PBXFrameworksBuildPhase section */
		AFC5B3152EB29B440072A4F3 /* Frameworks */ = {
			isa = PBXFrameworksBuildPhase;
			buildActionMask = 2147483647;
			files = (
				AFC5B35D2EB2A0C70072A4F3 /* Hero in Frameworks */,
				AFC5B3602EB2A0DA0072A4F3 /* SnapKit in Frameworks */,
			);
			runOnlyForDeploymentPostprocessing = 0;
		};
/* End PBXFrameworksBuildPhase section */

/* Begin PBXGroup section */
		AFC5B30F2EB29B440072A4F3 = {
			isa = PBXGroup;
			children = (
				AFC5B3372EB29B5D0072A4F3 /* Login&RegisterUI-2 */,
				AFC5B3192EB29B440072A4F3 /* Products */,
			);
			sourceTree = "<group>";
		};
		AFC5B3192EB29B440072A4F3 /* Products */ = {
			isa = PBXGroup;
			children = (
				AFC5B3182EB29B440072A4F3 /* Login&RegisterUI-2.app */,
			);
			name = Products;
			sourceTree = "<group>";
		};
		AFC5B3372EB29B5D0072A4F3 /* Login&RegisterUI-2 */ = {
			isa = PBXGroup;
			children = (
				AFC5B33E2EB29B9B0072A4F3 /* Application */,
				AFC5B3532EB29F1B0072A4F3 /* Extension */,
				AFC5B3402EB29D8E0072A4F3 /* Scenes */,
				AFC5B33F2EB29BAC0072A4F3 /* Resources */,
				AFC5B3472EB29EE60072A4F3 /* Theme */,
			);
			path = "Login&RegisterUI-2";
			sourceTree = "<group>";
		};
		AFC5B33E2EB29B9B0072A4F3 /* Application */ = {
			isa = PBXGroup;
			children = (
				AFC5B3302EB29B5D0072A4F3 /* AppDelegate.swift */,
				AFC5B3352EB29B5D0072A4F3 /* SceneDelegate.swift */,
				AFC5B3322EB29B5D0072A4F3 /* Info.plist */,
			);
			path = Application;
			sourceTree = "<group>";
		};
		AFC5B33F2EB29BAC0072A4F3 /* Resources */ = {
			isa = PBXGroup;
			children = (
				AFC5B3312EB29B5D0072A4F3 /* Assets.xcassets */,
			);
			path = Resources;
			sourceTree = "<group>";
		};
		AFC5B3402EB29D8E0072A4F3 /* Scenes */ = {
			isa = PBXGroup;
			children = (
				AFC5B3412EB29D970072A4F3 /* Splash */,
				AFC5B3422EB29DA40072A4F3 /* Login */,
				AFC5B3432EB29DA90072A4F3 /* Register */,
			);
			path = Scenes;
			sourceTree = "<group>";
		};
		AFC5B3412EB29D970072A4F3 /* Splash */ = {
			isa = PBXGroup;
			children = (
				AFC5B3342EB29B5D0072A4F3 /* LaunchScreen.storyboard */,
			);
			path = Splash;
			sourceTree = "<group>";
		};
		AFC5B3422EB29DA40072A4F3 /* Login */ = {
			isa = PBXGroup;
			children = (
				AFC5B3462EB29E120072A4F3 /* Controller */,
			);
			path = Login;
			sourceTree = "<group>";
		};
		AFC5B3432EB29DA90072A4F3 /* Register */ = {
			isa = PBXGroup;
			children = (
				AFC5B3562EB2A03C0072A4F3 /* Controller */,
			);
			path = Register;
			sourceTree = "<group>";
		};
		AFC5B3462EB29E120072A4F3 /* Controller */ = {
			isa = PBXGroup;
			children = (
				AFC5B3442EB29E0D0072A4F3 /* LoginVC.swift */,
			);
			path = Controller;
			sourceTree = "<group>";
		};
		AFC5B3472EB29EE60072A4F3 /* Theme */ = {
			isa = PBXGroup;
			children = (
				AFC5B3482EB29F040072A4F3 /* Font */,
			);
			path = Theme;
			sourceTree = "<group>";
		};
		AFC5B3482EB29F040072A4F3 /* Font */ = {
			isa = PBXGroup;
			children = (
				AFC5B3492EB29F0E0072A4F3 /* Manrope-Bold.ttf */,
				AFC5B34A2EB29F0E0072A4F3 /* Manrope-Light.ttf */,
				AFC5B34B2EB29F0E0072A4F3 /* Manrope-Medium.ttf */,
				AFC5B34C2EB29F0E0072A4F3 /* Manrope-Regular.ttf */,
				AFC5B34D2EB29F0E0072A4F3 /* Manrope-SemiBold.ttf */,
			);
			path = Font;
			sourceTree = "<group>";
		};
		AFC5B3532EB29F1B0072A4F3 /* Extension */ = {
			isa = PBXGroup;
			children = (
				AFC5B3542EB29F370072A4F3 /* UIFont+Ext.swift */,
				AFC5B3592EB2A0760072A4F3 /* UIColor+Ext.swift */,
				AFC5B3612EB2A0EB0072A4F3 /* UIViewController+Ext.swift */,
			);
			path = Extension;
			sourceTree = "<group>";
		};
		AFC5B3562EB2A03C0072A4F3 /* Controller */ = {
			isa = PBXGroup;
			children = (
				AFC5B3572EB2A0490072A4F3 /* RegisterVC.swift */,
			);
			path = Controller;
			sourceTree = "<group>";
		};
/* End PBXGroup section */

/* Begin PBXNativeTarget section */
		AFC5B3172EB29B440072A4F3 /* Login&RegisterUI-2 */ = {
			isa = PBXNativeTarget;
			buildConfigurationList = AFC5B32B2EB29B460072A4F3 /* Build configuration list for PBXNativeTarget "Login&RegisterUI-2" */;
			buildPhases = (
				AFC5B3142EB29B440072A4F3 /* Sources */,
				AFC5B3152EB29B440072A4F3 /* Frameworks */,
				AFC5B3162EB29B440072A4F3 /* Resources */,
			);
			buildRules = (
			);
			dependencies = (
			);
			name = "Login&RegisterUI-2";
			packageProductDependencies = (
				AFC5B35C2EB2A0C70072A4F3 /* Hero */,
				AFC5B35F2EB2A0DA0072A4F3 /* SnapKit */,
			);
			productName = "Login&RegisterUI-2";
			productReference = AFC5B3182EB29B440072A4F3 /* Login&RegisterUI-2.app */;
			productType = "com.apple.product-type.application";
		};
/* End PBXNativeTarget section */

/* Begin PBXProject section */
		AFC5B3102EB29B440072A4F3 /* Project object */ = {
			isa = PBXProject;
			attributes = {
				BuildIndependentTargetsInParallel = 1;
				LastSwiftUpdateCheck = 1620;
				LastUpgradeCheck = 1620;
				TargetAttributes = {
					AFC5B3172EB29B440072A4F3 = {
						CreatedOnToolsVersion = 16.2;
					};
				};
			};
			buildConfigurationList = AFC5B3132EB29B440072A4F3 /* Build configuration list for PBXProject "Login&RegisterUI-2" */;
			developmentRegion = en;
			hasScannedForEncodings = 0;
			knownRegions = (
				en,
				Base,
			);
			mainGroup = AFC5B30F2EB29B440072A4F3;
			minimizedProjectReferenceProxies = 1;
			packageReferences = (
				AFC5B35B2EB2A0C70072A4F3 /* XCRemoteSwiftPackageReference "Hero" */,
				AFC5B35E2EB2A0DA0072A4F3 /* XCRemoteSwiftPackageReference "SnapKit" */,
			);
			preferredProjectObjectVersion = 77;
			productRefGroup = AFC5B3192EB29B440072A4F3 /* Products */;
			projectDirPath = "";
			projectRoot = "";
			targets = (
				AFC5B3172EB29B440072A4F3 /* Login&RegisterUI-2 */,
			);
		};
/* End PBXProject section */

/* Begin PBXResourcesBuildPhase section */
		AFC5B3162EB29B440072A4F3 /* Resources */ = {
			isa = PBXResourcesBuildPhase;
			buildActionMask = 2147483647;
			files = (
				AFC5B33B2EB29B5D0072A4F3 /* Assets.xcassets in Resources */,
				AFC5B34E2EB29F0E0072A4F3 /* Manrope-SemiBold.ttf in Resources */,
				AFC5B34F2EB29F0E0072A4F3 /* Manrope-Bold.ttf in Resources */,
				AFC5B3502EB29F0E0072A4F3 /* Manrope-Light.ttf in Resources */,
				AFC5B3512EB29F0E0072A4F3 /* Manrope-Medium.ttf in Resources */,
				AFC5B3522EB29F0E0072A4F3 /* Manrope-Regular.ttf in Resources */,
				AFC5B33D2EB29B5D0072A4F3 /* LaunchScreen.storyboard in Resources */,
			);
			runOnlyForDeploymentPostprocessing = 0;
		};
/* End PBXResourcesBuildPhase section */

/* Begin PBXSourcesBuildPhase section */
		AFC5B3142EB29B440072A4F3 /* Sources */ = {
			isa = PBXSourcesBuildPhase;
			buildActionMask = 2147483647;
			files = (
				AFC5B3552EB29F370072A4F3 /* UIFont+Ext.swift in Sources */,
				AFC5B3382EB29B5D0072A4F3 /* AppDelegate.swift in Sources */,
				AFC5B3622EB2A0EB0072A4F3 /* UIViewController+Ext.swift in Sources */,
				AFC5B3392EB29B5D0072A4F3 /* SceneDelegate.swift in Sources */,
				AFC5B35A2EB2A0760072A4F3 /* UIColor+Ext.swift in Sources */,
				AFC5B3452EB29E0D0072A4F3 /* LoginVC.swift in Sources */,
				AFC5B3582EB2A0490072A4F3 /* RegisterVC.swift in Sources */,
			);
			runOnlyForDeploymentPostprocessing = 0;
		};
/* End PBXSourcesBuildPhase section */

/* Begin PBXVariantGroup section */
		AFC5B3342EB29B5D0072A4F3 /* LaunchScreen.storyboard */ = {
			isa = PBXVariantGroup;
			children = (
				AFC5B3332EB29B5D0072A4F3 /* Base */,
			);
			name = LaunchScreen.storyboard;
			sourceTree = "<group>";
		};
/* End PBXVariantGroup section */

/* Begin XCBuildConfiguration section */
		AFC5B32C2EB29B460072A4F3 /* Debug */ = {
			isa = XCBuildConfiguration;
			buildSettings = {
				ASSETCATALOG_COMPILER_APPICON_NAME = AppIcon;
				ASSETCATALOG_COMPILER_GLOBAL_ACCENT_COLOR_NAME = AccentColor;
				CODE_SIGN_STYLE = Automatic;
				CURRENT_PROJECT_VERSION = 1;
				DEVELOPMENT_TEAM = 46KN7896SK;
				GENERATE_INFOPLIST_FILE = YES;
				INFOPLIST_FILE = "Login&RegisterUI-2/Application/Info.plist";
				INFOPLIST_KEY_UIApplicationSupportsIndirectInputEvents = YES;
				INFOPLIST_KEY_UILaunchStoryboardName = LaunchScreen;
				INFOPLIST_KEY_UISupportedInterfaceOrientations_iPad = "UIInterfaceOrientationPortrait UIInterfaceOrientationPortraitUpsideDown UIInterfaceOrientationLandscapeLeft UIInterfaceOrientationLandscapeRight";
				INFOPLIST_KEY_UISupportedInterfaceOrientations_iPhone = "UIInterfaceOrientationPortrait UIInterfaceOrientationLandscapeLeft UIInterfaceOrientationLandscapeRight";
				LD_RUNPATH_SEARCH_PATHS = (
					"$(inherited)",
					"@executable_path/Frameworks",
				);
				MARKETING_VERSION = 1.0;
				PRODUCT_BUNDLE_IDENTIFIER = "sedatbarlin.Login-RegisterUI-2";
				PRODUCT_NAME = "$(TARGET_NAME)";
				SWIFT_EMIT_LOC_STRINGS = YES;
				SWIFT_VERSION = 5.0;
				TARGETED_DEVICE_FAMILY = "1,2";
			};
			name = Debug;
		};
		AFC5B32D2EB29B460072A4F3 /* Release */ = {
			isa = XCBuildConfiguration;
			buildSettings = {
				ASSETCATALOG_COMPILER_APPICON_NAME = AppIcon;
				ASSETCATALOG_COMPILER_GLOBAL_ACCENT_COLOR_NAME = AccentColor;
				CODE_SIGN_STYLE = Automatic;
				CURRENT_PROJECT_VERSION = 1;
				DEVELOPMENT_TEAM = 46KN7896SK;
				GENERATE_INFOPLIST_FILE = YES;
				INFOPLIST_FILE = "Login&RegisterUI-2/Application/Info.plist";
				INFOPLIST_KEY_UIApplicationSupportsIndirectInputEvents = YES;
				INFOPLIST_KEY_UILaunchStoryboardName = LaunchScreen;
				INFOPLIST_KEY_UISupportedInterfaceOrientations_iPad = "UIInterfaceOrientationPortrait UIInterfaceOrientationPortraitUpsideDown UIInterfaceOrientationLandscapeLeft UIInterfaceOrientationLandscapeRight";
				INFOPLIST_KEY_UISupportedInterfaceOrientations_iPhone = "UIInterfaceOrientationPortrait UIInterfaceOrientationLandscapeLeft UIInterfaceOrientationLandscapeRight";
				LD_RUNPATH_SEARCH_PATHS = (
					"$(inherited)",
					"@executable_path/Frameworks",
				);
				MARKETING_VERSION = 1.0;
				PRODUCT_BUNDLE_IDENTIFIER = "sedatbarlin.Login-RegisterUI-2";
				PRODUCT_NAME = "$(TARGET_NAME)";
				SWIFT_EMIT_LOC_STRINGS = YES;
				SWIFT_VERSION = 5.0;
				TARGETED_DEVICE_FAMILY = "1,2";
			};
			name = Release;
		};
		AFC5B32E2EB29B460072A4F3 /* Debug */ = {
			isa = XCBuildConfiguration;
			buildSettings = {
				ALWAYS_SEARCH_USER_PATHS = NO;
				ASSETCATALOG_COMPILER_GENERATE_SWIFT_ASSET_SYMBOL_EXTENSIONS = YES;
				CLANG_ANALYZER_NONNULL = YES;
				CLANG_ANALYZER_NUMBER_OBJECT_CONVERSION = YES_AGGRESSIVE;
				CLANG_CXX_LANGUAGE_STANDARD = "gnu++20";
				CLANG_ENABLE_MODULES = YES;
				CLANG_ENABLE_OBJC_ARC = YES;
				CLANG_ENABLE_OBJC_WEAK = YES;
				CLANG_WARN_BLOCK_CAPTURE_AUTORELEASING = YES;
				CLANG_WARN_BOOL_CONVERSION = YES;
				CLANG_WARN_COMMA = YES;
				CLANG_WARN_CONSTANT_CONVERSION = YES;
				CLANG_WARN_DEPRECATED_OBJC_IMPLEMENTATIONS = YES;
				CLANG_WARN_DIRECT_OBJC_ISA_USAGE = YES_ERROR;
				CLANG_WARN_DOCUMENTATION_COMMENTS = YES;
				CLANG_WARN_EMPTY_BODY = YES;
				CLANG_WARN_ENUM_CONVERSION = YES;
				CLANG_WARN_INFINITE_RECURSION = YES;
				CLANG_WARN_INT_CONVERSION = YES;
				CLANG_WARN_NON_LITERAL_NULL_CONVERSION = YES;
				CLANG_WARN_OBJC_IMPLICIT_RETAIN_SELF = YES;
				CLANG_WARN_OBJC_LITERAL_CONVERSION = YES;
				CLANG_WARN_OBJC_ROOT_CLASS = YES_ERROR;
				CLANG_WARN_QUOTED_INCLUDE_IN_FRAMEWORK_HEADER = YES;
				CLANG_WARN_RANGE_LOOP_ANALYSIS = YES;
				CLANG_WARN_STRICT_PROTOTYPES = YES;
				CLANG_WARN_SUSPICIOUS_MOVE = YES;
				CLANG_WARN_UNGUARDED_AVAILABILITY = YES_AGGRESSIVE;
				CLANG_WARN_UNREACHABLE_CODE = YES;
				CLANG_WARN__DUPLICATE_METHOD_MATCH = YES;
				COPY_PHASE_STRIP = NO;
				DEBUG_INFORMATION_FORMAT = dwarf;
				ENABLE_STRICT_OBJC_MSGSEND = YES;
				ENABLE_TESTABILITY = YES;
				ENABLE_USER_SCRIPT_SANDBOXING = YES;
				GCC_C_LANGUAGE_STANDARD = gnu17;
				GCC_DYNAMIC_NO_PIC = NO;
				GCC_NO_COMMON_BLOCKS = YES;
				GCC_OPTIMIZATION_LEVEL = 0;
				GCC_PREPROCESSOR_DEFINITIONS = (
					"DEBUG=1",
					"$(inherited)",
				);
				GCC_WARN_64_TO_32_BIT_CONVERSION = YES;
				GCC_WARN_ABOUT_RETURN_TYPE = YES_ERROR;
				GCC_WARN_UNDECLARED_SELECTOR = YES;
				GCC_WARN_UNINITIALIZED_AUTOS = YES_AGGRESSIVE;
				GCC_WARN_UNUSED_FUNCTION = YES;
				GCC_WARN_UNUSED_VARIABLE = YES;
				IPHONEOS_DEPLOYMENT_TARGET = 18.2;
				LOCALIZATION_PREFERS_STRING_CATALOGS = YES;
				MTL_ENABLE_DEBUG_INFO = INCLUDE_SOURCE;
				MTL_FAST_MATH = YES;
				ONLY_ACTIVE_ARCH = YES;
				SDKROOT = iphoneos;
				SWIFT_ACTIVE_COMPILATION_CONDITIONS = "DEBUG $(inherited)";
				SWIFT_OPTIMIZATION_LEVEL = "-Onone";
			};
			name = Debug;
		};
		AFC5B32F2EB29B460072A4F3 /* Release */ = {
			isa = XCBuildConfiguration;
			buildSettings = {
				ALWAYS_SEARCH_USER_PATHS = NO;
				ASSETCATALOG_COMPILER_GENERATE_SWIFT_ASSET_SYMBOL_EXTENSIONS = YES;
				CLANG_ANALYZER_NONNULL = YES;
				CLANG_ANALYZER_NUMBER_OBJECT_CONVERSION = YES_AGGRESSIVE;
				CLANG_CXX_LANGUAGE_STANDARD = "gnu++20";
				CLANG_ENABLE_MODULES = YES;
				CLANG_ENABLE_OBJC_ARC = YES;
				CLANG_ENABLE_OBJC_WEAK = YES;
				CLANG_WARN_BLOCK_CAPTURE_AUTORELEASING = YES;
				CLANG_WARN_BOOL_CONVERSION = YES;
				CLANG_WARN_COMMA = YES;
				CLANG_WARN_CONSTANT_CONVERSION = YES;
				CLANG_WARN_DEPRECATED_OBJC_IMPLEMENTATIONS = YES;
				CLANG_WARN_DIRECT_OBJC_ISA_USAGE = YES_ERROR;
				CLANG_WARN_DOCUMENTATION_COMMENTS = YES;
				CLANG_WARN_EMPTY_BODY = YES;
				CLANG_WARN_ENUM_CONVERSION = YES;
				CLANG_WARN_INFINITE_RECURSION = YES;
				CLANG_WARN_INT_CONVERSION = YES;
				CLANG_WARN_NON_LITERAL_NULL_CONVERSION = YES;
				CLANG_WARN_OBJC_IMPLICIT_RETAIN_SELF = YES;
				CLANG_WARN_OBJC_LITERAL_CONVERSION = YES;
				CLANG_WARN_OBJC_ROOT_CLASS = YES_ERROR;
				CLANG_WARN_QUOTED_INCLUDE_IN_FRAMEWORK_HEADER = YES;
				CLANG_WARN_RANGE_LOOP_ANALYSIS = YES;
				CLANG_WARN_STRICT_PROTOTYPES = YES;
				CLANG_WARN_SUSPICIOUS_MOVE = YES;
				CLANG_WARN_UNGUARDED_AVAILABILITY = YES_AGGRESSIVE;
				CLANG_WARN_UNREACHABLE_CODE = YES;
				CLANG_WARN__DUPLICATE_METHOD_MATCH = YES;
				COPY_PHASE_STRIP = NO;
				DEBUG_INFORMATION_FORMAT = "dwarf-with-dsym";
				ENABLE_NS_ASSERTIONS = NO;
				ENABLE_STRICT_OBJC_MSGSEND = YES;
				ENABLE_USER_SCRIPT_SANDBOXING = YES;
				GCC_C_LANGUAGE_STANDARD = gnu17;
				GCC_NO_COMMON_BLOCKS = YES;
				GCC_WARN_64_TO_32_BIT_CONVERSION = YES;
				GCC_WARN_ABOUT_RETURN_TYPE = YES_ERROR;
				GCC_WARN_UNDECLARED_SELECTOR = YES;
				GCC_WARN_UNINITIALIZED_AUTOS = YES_AGGRESSIVE;
				GCC_WARN_UNUSED_FUNCTION = YES;
				GCC_WARN_UNUSED_VARIABLE = YES;
				IPHONEOS_DEPLOYMENT_TARGET = 18.2;
				LOCALIZATION_PREFERS_STRING_CATALOGS = YES;
				MTL_ENABLE_DEBUG_INFO = NO;
				MTL_FAST_MATH = YES;
				SDKROOT = iphoneos;
				SWIFT_COMPILATION_MODE = wholemodule;
				VALIDATE_PRODUCT = YES;
			};
			name = Release;
		};
/* End XCBuildConfiguration section */

/* Begin XCConfigurationList section */
		AFC5B3132EB29B440072A4F3 /* Build configuration list for PBXProject "Login&RegisterUI-2" */ = {
			isa = XCConfigurationList;
			buildConfigurations = (
				AFC5B32E2EB29B460072A4F3 /* Debug */,
				AFC5B32F2EB29B460072A4F3 /* Release */,
			);
			defaultConfigurationIsVisible = 0;
			defaultConfigurationName = Release;
		};
		AFC5B32B2EB29B460072A4F3 /* Build configuration list for PBXNativeTarget "Login&RegisterUI-2" */ = {
			isa = XCConfigurationList;
			buildConfigurations = (
				AFC5B32C2EB29B460072A4F3 /* Debug */,
				AFC5B32D2EB29B460072A4F3 /* Release */,
			);
			defaultConfigurationIsVisible = 0;
			defaultConfigurationName = Release;
		};
/* End XCConfigurationList section */

/* Begin XCRemoteSwiftPackageReference section */
		AFC5B35B2EB2A0C70072A4F3 /* XCRemoteSwiftPackageReference "Hero" */ = {
			isa = XCRemoteSwiftPackageReference;
			repositoryURL = "https://github.com/HeroTransitions/Hero.git";
			requirement = {
				kind = upToNextMajorVersion;
				minimumVersion = 1.6.4;
			};
		};
		AFC5B35E2EB2A0DA0072A4F3 /* XCRemoteSwiftPackageReference "SnapKit" */ = {
			isa = XCRemoteSwiftPackageReference;
			repositoryURL = "https://github.com/SnapKit/SnapKit.git";
			requirement = {
				kind = upToNextMajorVersion;
				minimumVersion = 5.7.1;
			};
		};
/* End XCRemoteSwiftPackageReference section */

/* Begin XCSwiftPackageProductDependency section */
		AFC5B35C2EB2A0C70072A4F3 /* Hero */ = {
			isa = XCSwiftPackageProductDependency;
			package = AFC5B35B2EB2A0C70072A4F3 /* XCRemoteSwiftPackageReference "Hero" */;
			productName = Hero;
		};
		AFC5B35F2EB2A0DA0072A4F3 /* SnapKit */ = {
			isa = XCSwiftPackageProductDependency;
			package = AFC5B35E2EB2A0DA0072A4F3 /* XCRemoteSwiftPackageReference "SnapKit" */;
			productName = SnapKit;
		};
/* End XCSwiftPackageProductDependency section */
	};
	rootObject = AFC5B3102EB29B440072A4F3 /* Project object */;
}
