// !$*UTF8*$!
{
	archiveVersion = 1;
	classes = {
	};
	objectVersion = 77;
	objects = {

/* Begin PBXBuildFile section */
		AF0559852EA1750A0051871E /* AppDelegate.swift in Sources */ = {isa = PBXBuildFile; fileRef = AF05597B2EA1750A0051871E /* AppDelegate.swift */; };
		AF0559862EA1750A0051871E /* SceneDelegate.swift in Sources */ = {isa = PBXBuildFile; fileRef = AF0559822EA1750A0051871E /* SceneDelegate.swift */; };
		AF0559882EA1750A0051871E /* Assets.xcassets in Resources */ = {isa = PBXBuildFile; fileRef = AF05597C2EA1750A0051871E /* Assets.xcassets */; };
		AF05598A2EA1750A0051871E /* LaunchScreen.storyboard in Resources */ = {isa = PBXBuildFile; fileRef = AF05597F2EA1750A0051871E /* LaunchScreen.storyboard */; };
		AF0559972EA177C70051871E /* UIFont+Ext.swift in Sources */ = {isa = PBXBuildFile; fileRef = AF0559962EA177C70051871E /* UIFont+Ext.swift */; };
		AF05599E2EA1787A0051871E /* Rubik-SemiBold.ttf in Resources */ = {isa = PBXBuildFile; fileRef = AF05599D2EA1787A0051871E /* Rubik-SemiBold.ttf */; };
		AF05599F2EA1787A0051871E /* Rubik-Bold.ttf in Resources */ = {isa = PBXBuildFile; fileRef = AF0559992EA1787A0051871E /* Rubik-Bold.ttf */; };
		AF0559A02EA1787A0051871E /* Rubik-Light.ttf in Resources */ = {isa = PBXBuildFile; fileRef = AF05599A2EA1787A0051871E /* Rubik-Light.ttf */; };
		AF0559A12EA1787A0051871E /* Rubik-Medium.ttf in Resources */ = {isa = PBXBuildFile; fileRef = AF05599B2EA1787A0051871E /* Rubik-Medium.ttf */; };
		AF0559A22EA1787A0051871E /* Rubik-Regular.ttf in Resources */ = {isa = PBXBuildFile; fileRef = AF05599C2EA1787A0051871E /* Rubik-Regular.ttf */; };
		AF0559A42EA179810051871E /* UIColor+Ext.swift in Sources */ = {isa = PBXBuildFile; fileRef = AF0559A32EA179810051871E /* UIColor+Ext.swift */; };
		AF0559A92EA17BFE0051871E /* OnboardingVC.swift in Sources */ = {isa = PBXBuildFile; fileRef = AF0559A82EA17BFE0051871E /* OnboardingVC.swift */; };
		AF0559AC2EA17CFC0051871E /* SnapKit in Frameworks */ = {isa = PBXBuildFile; productRef = AF0559AB2EA17CFC0051871E /* SnapKit */; };
		AF0559AF2EA17D180051871E /* Hero in Frameworks */ = {isa = PBXBuildFile; productRef = AF0559AE2EA17D180051871E /* Hero */; };
		AF0559B22EA17E900051871E /* Strings.swift in Sources */ = {isa = PBXBuildFile; fileRef = AF0559B12EA17E900051871E /* Strings.swift */; };
		AF0559B52EA182B50051871E /* ContinueButton.swift in Sources */ = {isa = PBXBuildFile; fileRef = AF0559B42EA182B50051871E /* ContinueButton.swift */; };
		AF0559B82EA2463A0051871E /* RegisterVC.swift in Sources */ = {isa = PBXBuildFile; fileRef = AF0559B72EA2463A0051871E /* RegisterVC.swift */; };
		AF0559BD2EA246A60051871E /* AuthInputView.swift in Sources */ = {isa = PBXBuildFile; fileRef = AF0559BC2EA246A60051871E /* AuthInputView.swift */; };
		AF0559BF2EA2475A0051871E /* UIViewController+Ext.swift in Sources */ = {isa = PBXBuildFile; fileRef = AF0559BE2EA2475A0051871E /* UIViewController+Ext.swift */; };
/* End PBXBuildFile section */

/* Begin PBXFileReference section */
		AF0559632EA175020051871E /* RegisterUI-1.app */ = {isa = PBXFileReference; explicitFileType = wrapper.application; includeInIndex = 0; path = "RegisterUI-1.app"; sourceTree = BUILT_PRODUCTS_DIR; };
		AF05597B2EA1750A0051871E /* AppDelegate.swift */ = {isa = PBXFileReference; lastKnownFileType = sourcecode.swift; path = AppDelegate.swift; sourceTree = "<group>"; };
		AF05597C2EA1750A0051871E /* Assets.xcassets */ = {isa = PBXFileReference; lastKnownFileType = folder.assetcatalog; path = Assets.xcassets; sourceTree = "<group>"; };
		AF05597D2EA1750A0051871E /* Info.plist */ = {isa = PBXFileReference; lastKnownFileType = text.plist.xml; path = Info.plist; sourceTree = "<group>"; };
		AF05597E2EA1750A0051871E /* Base */ = {isa = PBXFileReference; lastKnownFileType = file.storyboard; name = Base; path = Base.lproj/LaunchScreen.storyboard; sourceTree = "<group>"; };
		AF0559822EA1750A0051871E /* SceneDelegate.swift */ = {isa = PBXFileReference; lastKnownFileType = sourcecode.swift; path = SceneDelegate.swift; sourceTree = "<group>"; };
		AF0559962EA177C70051871E /* UIFont+Ext.swift */ = {isa = PBXFileReference; lastKnownFileType = sourcecode.swift; path = "UIFont+Ext.swift"; sourceTree = "<group>"; };
		AF0559992EA1787A0051871E /* Rubik-Bold.ttf */ = {isa = PBXFileReference; lastKnownFileType = file; path = "Rubik-Bold.ttf"; sourceTree = "<group>"; };
		AF05599A2EA1787A0051871E /* Rubik-Light.ttf */ = {isa = PBXFileReference; lastKnownFileType = file; path = "Rubik-Light.ttf"; sourceTree = "<group>"; };
		AF05599B2EA1787A0051871E /* Rubik-Medium.ttf */ = {isa = PBXFileReference; lastKnownFileType = file; path = "Rubik-Medium.ttf"; sourceTree = "<group>"; };
		AF05599C2EA1787A0051871E /* Rubik-Regular.ttf */ = {isa = PBXFileReference; lastKnownFileType = file; path = "Rubik-Regular.ttf"; sourceTree = "<group>"; };
		AF05599D2EA1787A0051871E /* Rubik-SemiBold.ttf */ = {isa = PBXFileReference; lastKnownFileType = file; path = "Rubik-SemiBold.ttf"; sourceTree = "<group>"; };
		AF0559A32EA179810051871E /* UIColor+Ext.swift */ = {isa = PBXFileReference; lastKnownFileType = sourcecode.swift; path = "UIColor+Ext.swift"; sourceTree = "<group>"; };
		AF0559A82EA17BFE0051871E /* OnboardingVC.swift */ = {isa = PBXFileReference; lastKnownFileType = sourcecode.swift; path = OnboardingVC.swift; sourceTree = "<group>"; };
		AF0559B12EA17E900051871E /* Strings.swift */ = {isa = PBXFileReference; lastKnownFileType = sourcecode.swift; path = Strings.swift; sourceTree = "<group>"; };
		AF0559B42EA182B50051871E /* ContinueButton.swift */ = {isa = PBXFileReference; lastKnownFileType = sourcecode.swift; path = ContinueButton.swift; sourceTree = "<group>"; };
		AF0559B72EA2463A0051871E /* RegisterVC.swift */ = {isa = PBXFileReference; lastKnownFileType = sourcecode.swift; path = RegisterVC.swift; sourceTree = "<group>"; };
		AF0559BC2EA246A60051871E /* AuthInputView.swift */ = {isa = PBXFileReference; lastKnownFileType = sourcecode.swift; path = AuthInputView.swift; sourceTree = "<group>"; };
		AF0559BE2EA2475A0051871E /* UIViewController+Ext.swift */ = {isa = PBXFileReference; lastKnownFileType = sourcecode.swift; path = "UIViewController+Ext.swift"; sourceTree = "<group>"; };
/* End PBXFileReference section */

/* Begin PBXFrameworksBuildPhase section */
		AF0559602EA175020051871E /* Frameworks */ = {
			isa = PBXFrameworksBuildPhase;
			buildActionMask = 2147483647;
			files = (
				AF0559AF2EA17D180051871E /* Hero in Frameworks */,
				AF0559AC2EA17CFC0051871E /* SnapKit in Frameworks */,
			);
			runOnlyForDeploymentPostprocessing = 0;
		};
/* End PBXFrameworksBuildPhase section */

/* Begin PBXGroup section */
		AF05595A2EA175020051871E = {
			isa = PBXGroup;
			children = (
				AF0559842EA1750A0051871E /* RegisterUI-1 */,
				AF0559642EA175020051871E /* Products */,
			);
			sourceTree = "<group>";
		};
		AF0559642EA175020051871E /* Products */ = {
			isa = PBXGroup;
			children = (
				AF0559632EA175020051871E /* RegisterUI-1.app */,
			);
			name = Products;
			sourceTree = "<group>";
		};
		AF0559842EA1750A0051871E /* RegisterUI-1 */ = {
			isa = PBXGroup;
			children = (
				AF05598E2EA1761A0051871E /* Application */,
				AF05598C2EA176020051871E /* Resources */,
				AF0559B02EA17E790051871E /* Enum */,
				AF0559942EA1779D0051871E /* Extension */,
				AF0559B92EA246650051871E /* View */,
				AF05598F2EA176FD0051871E /* Scenes */,
				AF0559982EA178660051871E /* Theme */,
			);
			path = "RegisterUI-1";
			sourceTree = "<group>";
		};
		AF05598C2EA176020051871E /* Resources */ = {
			isa = PBXGroup;
			children = (
				AF05597C2EA1750A0051871E /* Assets.xcassets */,
			);
			path = Resources;
			sourceTree = "<group>";
		};
		AF05598E2EA1761A0051871E /* Application */ = {
			isa = PBXGroup;
			children = (
				AF05597D2EA1750A0051871E /* Info.plist */,
				AF05597B2EA1750A0051871E /* AppDelegate.swift */,
				AF0559822EA1750A0051871E /* SceneDelegate.swift */,
			);
			path = Application;
			sourceTree = "<group>";
		};
		AF05598F2EA176FD0051871E /* Scenes */ = {
			isa = PBXGroup;
			children = (
				AF0559902EA1771E0051871E /* Splash */,
				AF0559912EA1772E0051871E /* Onboarding */,
				AF0559932EA1773F0051871E /* Register */,
				AF0559922EA177390051871E /* Login */,
			);
			path = Scenes;
			sourceTree = "<group>";
		};
		AF0559902EA1771E0051871E /* Splash */ = {
			isa = PBXGroup;
			children = (
				AF05597F2EA1750A0051871E /* LaunchScreen.storyboard */,
			);
			path = Splash;
			sourceTree = "<group>";
		};
		AF0559912EA1772E0051871E /* Onboarding */ = {
			isa = PBXGroup;
			children = (
				AF0559B32EA182A90051871E /* View */,
				AF0559A52EA17BDE0051871E /* Controller */,
			);
			path = Onboarding;
			sourceTree = "<group>";
		};
		AF0559922EA177390051871E /* Login */ = {
			isa = PBXGroup;
			children = (
			);
			path = Login;
			sourceTree = "<group>";
		};
		AF0559932EA1773F0051871E /* Register */ = {
			isa = PBXGroup;
			children = (
				AF0559B62EA2462A0051871E /* Controller */,
			);
			path = Register;
			sourceTree = "<group>";
		};
		AF0559942EA1779D0051871E /* Extension */ = {
			isa = PBXGroup;
			children = (
				AF0559962EA177C70051871E /* UIFont+Ext.swift */,
				AF0559A32EA179810051871E /* UIColor+Ext.swift */,
				AF0559BE2EA2475A0051871E /* UIViewController+Ext.swift */,
			);
			path = Extension;
			sourceTree = "<group>";
		};
		AF0559982EA178660051871E /* Theme */ = {
			isa = PBXGroup;
			children = (
				AF0559992EA1787A0051871E /* Rubik-Bold.ttf */,
				AF05599A2EA1787A0051871E /* Rubik-Light.ttf */,
				AF05599B2EA1787A0051871E /* Rubik-Medium.ttf */,
				AF05599C2EA1787A0051871E /* Rubik-Regular.ttf */,
				AF05599D2EA1787A0051871E /* Rubik-SemiBold.ttf */,
			);
			path = Theme;
			sourceTree = "<group>";
		};
		AF0559A52EA17BDE0051871E /* Controller */ = {
			isa = PBXGroup;
			children = (
				AF0559A82EA17BFE0051871E /* OnboardingVC.swift */,
			);
			path = Controller;
			sourceTree = "<group>";
		};
		AF0559B02EA17E790051871E /* Enum */ = {
			isa = PBXGroup;
			children = (
				AF0559B12EA17E900051871E /* Strings.swift */,
			);
			path = Enum;
			sourceTree = "<group>";
		};
		AF0559B32EA182A90051871E /* View */ = {
			isa = PBXGroup;
			children = (
				AF0559B42EA182B50051871E /* ContinueButton.swift */,
			);
			path = View;
			sourceTree = "<group>";
		};
		AF0559B62EA2462A0051871E /* Controller */ = {
			isa = PBXGroup;
			children = (
				AF0559B72EA2463A0051871E /* RegisterVC.swift */,
			);
			path = Controller;
			sourceTree = "<group>";
		};
		AF0559B92EA246650051871E /* View */ = {
			isa = PBXGroup;
			children = (
				AF0559BC2EA246A60051871E /* AuthInputView.swift */,
			);
			path = View;
			sourceTree = "<group>";
		};
/* End PBXGroup section */

/* Begin PBXNativeTarget section */
		AF0559622EA175020051871E /* RegisterUI-1 */ = {
			isa = PBXNativeTarget;
			buildConfigurationList = AF0559762EA175040051871E /* Build configuration list for PBXNativeTarget "RegisterUI-1" */;
			buildPhases = (
				AF05595F2EA175020051871E /* Sources */,
				AF0559602EA175020051871E /* Frameworks */,
				AF0559612EA175020051871E /* Resources */,
			);
			buildRules = (
			);
			dependencies = (
			);
			name = "RegisterUI-1";
			packageProductDependencies = (
				AF0559AB2EA17CFC0051871E /* SnapKit */,
				AF0559AE2EA17D180051871E /* Hero */,
			);
			productName = "RegisterUI-1";
			productReference = AF0559632EA175020051871E /* RegisterUI-1.app */;
			productType = "com.apple.product-type.application";
		};
/* End PBXNativeTarget section */

/* Begin PBXProject section */
		AF05595B2EA175020051871E /* Project object */ = {
			isa = PBXProject;
			attributes = {
				BuildIndependentTargetsInParallel = 1;
				LastSwiftUpdateCheck = 1620;
				LastUpgradeCheck = 1620;
				TargetAttributes = {
					AF0559622EA175020051871E = {
						CreatedOnToolsVersion = 16.2;
					};
				};
			};
			buildConfigurationList = AF05595E2EA175020051871E /* Build configuration list for PBXProject "RegisterUI-1" */;
			developmentRegion = en;
			hasScannedForEncodings = 0;
			knownRegions = (
				en,
				Base,
			);
			mainGroup = AF05595A2EA175020051871E;
			minimizedProjectReferenceProxies = 1;
			packageReferences = (
				AF0559AA2EA17CFC0051871E /* XCRemoteSwiftPackageReference "SnapKit" */,
				AF0559AD2EA17D180051871E /* XCRemoteSwiftPackageReference "Hero" */,
			);
			preferredProjectObjectVersion = 77;
			productRefGroup = AF0559642EA175020051871E /* Products */;
			projectDirPath = "";
			projectRoot = "";
			targets = (
				AF0559622EA175020051871E /* RegisterUI-1 */,
			);
		};
/* End PBXProject section */

/* Begin PBXResourcesBuildPhase section */
		AF0559612EA175020051871E /* Resources */ = {
			isa = PBXResourcesBuildPhase;
			buildActionMask = 2147483647;
			files = (
				AF0559882EA1750A0051871E /* Assets.xcassets in Resources */,
				AF05599E2EA1787A0051871E /* Rubik-SemiBold.ttf in Resources */,
				AF05599F2EA1787A0051871E /* Rubik-Bold.ttf in Resources */,
				AF0559A02EA1787A0051871E /* Rubik-Light.ttf in Resources */,
				AF0559A12EA1787A0051871E /* Rubik-Medium.ttf in Resources */,
				AF0559A22EA1787A0051871E /* Rubik-Regular.ttf in Resources */,
				AF05598A2EA1750A0051871E /* LaunchScreen.storyboard in Resources */,
			);
			runOnlyForDeploymentPostprocessing = 0;
		};
/* End PBXResourcesBuildPhase section */

/* Begin PBXSourcesBuildPhase section */
		AF05595F2EA175020051871E /* Sources */ = {
			isa = PBXSourcesBuildPhase;
			buildActionMask = 2147483647;
			files = (
				AF0559972EA177C70051871E /* UIFont+Ext.swift in Sources */,
				AF0559B82EA2463A0051871E /* RegisterVC.swift in Sources */,
				AF0559BF2EA2475A0051871E /* UIViewController+Ext.swift in Sources */,
				AF0559B52EA182B50051871E /* ContinueButton.swift in Sources */,
				AF0559852EA1750A0051871E /* AppDelegate.swift in Sources */,
				AF0559BD2EA246A60051871E /* AuthInputView.swift in Sources */,
				AF0559A92EA17BFE0051871E /* OnboardingVC.swift in Sources */,
				AF0559A42EA179810051871E /* UIColor+Ext.swift in Sources */,
				AF0559B22EA17E900051871E /* Strings.swift in Sources */,
				AF0559862EA1750A0051871E /* SceneDelegate.swift in Sources */,
			);
			runOnlyForDeploymentPostprocessing = 0;
		};
/* End PBXSourcesBuildPhase section */

/* Begin PBXVariantGroup section */
		AF05597F2EA1750A0051871E /* LaunchScreen.storyboard */ = {
			isa = PBXVariantGroup;
			children = (
				AF05597E2EA1750A0051871E /* Base */,
			);
			name = LaunchScreen.storyboard;
			sourceTree = "<group>";
		};
/* End PBXVariantGroup section */

/* Begin XCBuildConfiguration section */
		AF0559772EA175040051871E /* Debug */ = {
			isa = XCBuildConfiguration;
			buildSettings = {
				ASSETCATALOG_COMPILER_APPICON_NAME = AppIcon;
				ASSETCATALOG_COMPILER_GLOBAL_ACCENT_COLOR_NAME = AccentColor;
				CODE_SIGN_STYLE = Automatic;
				CURRENT_PROJECT_VERSION = 1;
				DEVELOPMENT_TEAM = 46KN7896SK;
				GENERATE_INFOPLIST_FILE = YES;
				INFOPLIST_FILE = "RegisterUI-1/Application/Info.plist";
				INFOPLIST_KEY_UIApplicationSupportsIndirectInputEvents = YES;
				INFOPLIST_KEY_UILaunchStoryboardName = LaunchScreen;
				INFOPLIST_KEY_UISupportedInterfaceOrientations_iPad = "UIInterfaceOrientationPortrait UIInterfaceOrientationPortraitUpsideDown UIInterfaceOrientationLandscapeLeft UIInterfaceOrientationLandscapeRight";
				INFOPLIST_KEY_UISupportedInterfaceOrientations_iPhone = "UIInterfaceOrientationPortrait UIInterfaceOrientationLandscapeLeft UIInterfaceOrientationLandscapeRight";
				LD_RUNPATH_SEARCH_PATHS = (
					"$(inherited)",
					"@executable_path/Frameworks",
				);
				MARKETING_VERSION = 1.0;
				PRODUCT_BUNDLE_IDENTIFIER = "sedatbarlin.RegisterUI-1";
				PRODUCT_NAME = "$(TARGET_NAME)";
				SWIFT_EMIT_LOC_STRINGS = YES;
				SWIFT_VERSION = 5.0;
				TARGETED_DEVICE_FAMILY = "1,2";
			};
			name = Debug;
		};
		AF0559782EA175040051871E /* Release */ = {
			isa = XCBuildConfiguration;
			buildSettings = {
				ASSETCATALOG_COMPILER_APPICON_NAME = AppIcon;
				ASSETCATALOG_COMPILER_GLOBAL_ACCENT_COLOR_NAME = AccentColor;
				CODE_SIGN_STYLE = Automatic;
				CURRENT_PROJECT_VERSION = 1;
				DEVELOPMENT_TEAM = 46KN7896SK;
				GENERATE_INFOPLIST_FILE = YES;
				INFOPLIST_FILE = "RegisterUI-1/Application/Info.plist";
				INFOPLIST_KEY_UIApplicationSupportsIndirectInputEvents = YES;
				INFOPLIST_KEY_UILaunchStoryboardName = LaunchScreen;
				INFOPLIST_KEY_UISupportedInterfaceOrientations_iPad = "UIInterfaceOrientationPortrait UIInterfaceOrientationPortraitUpsideDown UIInterfaceOrientationLandscapeLeft UIInterfaceOrientationLandscapeRight";
				INFOPLIST_KEY_UISupportedInterfaceOrientations_iPhone = "UIInterfaceOrientationPortrait UIInterfaceOrientationLandscapeLeft UIInterfaceOrientationLandscapeRight";
				LD_RUNPATH_SEARCH_PATHS = (
					"$(inherited)",
					"@executable_path/Frameworks",
				);
				MARKETING_VERSION = 1.0;
				PRODUCT_BUNDLE_IDENTIFIER = "sedatbarlin.RegisterUI-1";
				PRODUCT_NAME = "$(TARGET_NAME)";
				SWIFT_EMIT_LOC_STRINGS = YES;
				SWIFT_VERSION = 5.0;
				TARGETED_DEVICE_FAMILY = "1,2";
			};
			name = Release;
		};
		AF0559792EA175040051871E /* Debug */ = {
			isa = XCBuildConfiguration;
			buildSettings = {
				ALWAYS_SEARCH_USER_PATHS = NO;
				ASSETCATALOG_COMPILER_GENERATE_SWIFT_ASSET_SYMBOL_EXTENSIONS = YES;
				CLANG_ANALYZER_NONNULL = YES;
				CLANG_ANALYZER_NUMBER_OBJECT_CONVERSION = YES_AGGRESSIVE;
				CLANG_CXX_LANGUAGE_STANDARD = "gnu++20";
				CLANG_ENABLE_MODULES = YES;
				CLANG_ENABLE_OBJC_ARC = YES;
				CLANG_ENABLE_OBJC_WEAK = YES;
				CLANG_WARN_BLOCK_CAPTURE_AUTORELEASING = YES;
				CLANG_WARN_BOOL_CONVERSION = YES;
				CLANG_WARN_COMMA = YES;
				CLANG_WARN_CONSTANT_CONVERSION = YES;
				CLANG_WARN_DEPRECATED_OBJC_IMPLEMENTATIONS = YES;
				CLANG_WARN_DIRECT_OBJC_ISA_USAGE = YES_ERROR;
				CLANG_WARN_DOCUMENTATION_COMMENTS = YES;
				CLANG_WARN_EMPTY_BODY = YES;
				CLANG_WARN_ENUM_CONVERSION = YES;
				CLANG_WARN_INFINITE_RECURSION = YES;
				CLANG_WARN_INT_CONVERSION = YES;
				CLANG_WARN_NON_LITERAL_NULL_CONVERSION = YES;
				CLANG_WARN_OBJC_IMPLICIT_RETAIN_SELF = YES;
				CLANG_WARN_OBJC_LITERAL_CONVERSION = YES;
				CLANG_WARN_OBJC_ROOT_CLASS = YES_ERROR;
				CLANG_WARN_QUOTED_INCLUDE_IN_FRAMEWORK_HEADER = YES;
				CLANG_WARN_RANGE_LOOP_ANALYSIS = YES;
				CLANG_WARN_STRICT_PROTOTYPES = YES;
				CLANG_WARN_SUSPICIOUS_MOVE = YES;
				CLANG_WARN_UNGUARDED_AVAILABILITY = YES_AGGRESSIVE;
				CLANG_WARN_UNREACHABLE_CODE = YES;
				CLANG_WARN__DUPLICATE_METHOD_MATCH = YES;
				COPY_PHASE_STRIP = NO;
				DEBUG_INFORMATION_FORMAT = dwarf;
				ENABLE_STRICT_OBJC_MSGSEND = YES;
				ENABLE_TESTABILITY = YES;
				ENABLE_USER_SCRIPT_SANDBOXING = YES;
				GCC_C_LANGUAGE_STANDARD = gnu17;
				GCC_DYNAMIC_NO_PIC = NO;
				GCC_NO_COMMON_BLOCKS = YES;
				GCC_OPTIMIZATION_LEVEL = 0;
				GCC_PREPROCESSOR_DEFINITIONS = (
					"DEBUG=1",
					"$(inherited)",
				);
				GCC_WARN_64_TO_32_BIT_CONVERSION = YES;
				GCC_WARN_ABOUT_RETURN_TYPE = YES_ERROR;
				GCC_WARN_UNDECLARED_SELECTOR = YES;
				GCC_WARN_UNINITIALIZED_AUTOS = YES_AGGRESSIVE;
				GCC_WARN_UNUSED_FUNCTION = YES;
				GCC_WARN_UNUSED_VARIABLE = YES;
				IPHONEOS_DEPLOYMENT_TARGET = 18.2;
				LOCALIZATION_PREFERS_STRING_CATALOGS = YES;
				MTL_ENABLE_DEBUG_INFO = INCLUDE_SOURCE;
				MTL_FAST_MATH = YES;
				ONLY_ACTIVE_ARCH = YES;
				SDKROOT = iphoneos;
				SWIFT_ACTIVE_COMPILATION_CONDITIONS = "DEBUG $(inherited)";
				SWIFT_OPTIMIZATION_LEVEL = "-Onone";
			};
			name = Debug;
		};
		AF05597A2EA175040051871E /* Release */ = {
			isa = XCBuildConfiguration;
			buildSettings = {
				ALWAYS_SEARCH_USER_PATHS = NO;
				ASSETCATALOG_COMPILER_GENERATE_SWIFT_ASSET_SYMBOL_EXTENSIONS = YES;
				CLANG_ANALYZER_NONNULL = YES;
				CLANG_ANALYZER_NUMBER_OBJECT_CONVERSION = YES_AGGRESSIVE;
				CLANG_CXX_LANGUAGE_STANDARD = "gnu++20";
				CLANG_ENABLE_MODULES = YES;
				CLANG_ENABLE_OBJC_ARC = YES;
				CLANG_ENABLE_OBJC_WEAK = YES;
				CLANG_WARN_BLOCK_CAPTURE_AUTORELEASING = YES;
				CLANG_WARN_BOOL_CONVERSION = YES;
				CLANG_WARN_COMMA = YES;
				CLANG_WARN_CONSTANT_CONVERSION = YES;
				CLANG_WARN_DEPRECATED_OBJC_IMPLEMENTATIONS = YES;
				CLANG_WARN_DIRECT_OBJC_ISA_USAGE = YES_ERROR;
				CLANG_WARN_DOCUMENTATION_COMMENTS = YES;
				CLANG_WARN_EMPTY_BODY = YES;
				CLANG_WARN_ENUM_CONVERSION = YES;
				CLANG_WARN_INFINITE_RECURSION = YES;
				CLANG_WARN_INT_CONVERSION = YES;
				CLANG_WARN_NON_LITERAL_NULL_CONVERSION = YES;
				CLANG_WARN_OBJC_IMPLICIT_RETAIN_SELF = YES;
				CLANG_WARN_OBJC_LITERAL_CONVERSION = YES;
				CLANG_WARN_OBJC_ROOT_CLASS = YES_ERROR;
				CLANG_WARN_QUOTED_INCLUDE_IN_FRAMEWORK_HEADER = YES;
				CLANG_WARN_RANGE_LOOP_ANALYSIS = YES;
				CLANG_WARN_STRICT_PROTOTYPES = YES;
				CLANG_WARN_SUSPICIOUS_MOVE = YES;
				CLANG_WARN_UNGUARDED_AVAILABILITY = YES_AGGRESSIVE;
				CLANG_WARN_UNREACHABLE_CODE = YES;
				CLANG_WARN__DUPLICATE_METHOD_MATCH = YES;
				COPY_PHASE_STRIP = NO;
				DEBUG_INFORMATION_FORMAT = "dwarf-with-dsym";
				ENABLE_NS_ASSERTIONS = NO;
				ENABLE_STRICT_OBJC_MSGSEND = YES;
				ENABLE_USER_SCRIPT_SANDBOXING = YES;
				GCC_C_LANGUAGE_STANDARD = gnu17;
				GCC_NO_COMMON_BLOCKS = YES;
				GCC_WARN_64_TO_32_BIT_CONVERSION = YES;
				GCC_WARN_ABOUT_RETURN_TYPE = YES_ERROR;
				GCC_WARN_UNDECLARED_SELECTOR = YES;
				GCC_WARN_UNINITIALIZED_AUTOS = YES_AGGRESSIVE;
				GCC_WARN_UNUSED_FUNCTION = YES;
				GCC_WARN_UNUSED_VARIABLE = YES;
				IPHONEOS_DEPLOYMENT_TARGET = 18.2;
				LOCALIZATION_PREFERS_STRING_CATALOGS = YES;
				MTL_ENABLE_DEBUG_INFO = NO;
				MTL_FAST_MATH = YES;
				SDKROOT = iphoneos;
				SWIFT_COMPILATION_MODE = wholemodule;
				VALIDATE_PRODUCT = YES;
			};
			name = Release;
		};
/* End XCBuildConfiguration section */

/* Begin XCConfigurationList section */
		AF05595E2EA175020051871E /* Build configuration list for PBXProject "RegisterUI-1" */ = {
			isa = XCConfigurationList;
			buildConfigurations = (
				AF0559792EA175040051871E /* Debug */,
				AF05597A2EA175040051871E /* Release */,
			);
			defaultConfigurationIsVisible = 0;
			defaultConfigurationName = Release;
		};
		AF0559762EA175040051871E /* Build configuration list for PBXNativeTarget "RegisterUI-1" */ = {
			isa = XCConfigurationList;
			buildConfigurations = (
				AF0559772EA175040051871E /* Debug */,
				AF0559782EA175040051871E /* Release */,
			);
			defaultConfigurationIsVisible = 0;
			defaultConfigurationName = Release;
		};
/* End XCConfigurationList section */

/* Begin XCRemoteSwiftPackageReference section */
		AF0559AA2EA17CFC0051871E /* XCRemoteSwiftPackageReference "SnapKit" */ = {
			isa = XCRemoteSwiftPackageReference;
			repositoryURL = "https://github.com/SnapKit/SnapKit.git";
			requirement = {
				kind = upToNextMajorVersion;
				minimumVersion = 5.7.1;
			};
		};
		AF0559AD2EA17D180051871E /* XCRemoteSwiftPackageReference "Hero" */ = {
			isa = XCRemoteSwiftPackageReference;
			repositoryURL = "https://github.com/HeroTransitions/Hero.git";
			requirement = {
				kind = upToNextMajorVersion;
				minimumVersion = 1.6.4;
			};
		};
/* End XCRemoteSwiftPackageReference section */

/* Begin XCSwiftPackageProductDependency section */
		AF0559AB2EA17CFC0051871E /* SnapKit */ = {
			isa = XCSwiftPackageProductDependency;
			package = AF0559AA2EA17CFC0051871E /* XCRemoteSwiftPackageReference "SnapKit" */;
			productName = SnapKit;
		};
		AF0559AE2EA17D180051871E /* Hero */ = {
			isa = XCSwiftPackageProductDependency;
			package = AF0559AD2EA17D180051871E /* XCRemoteSwiftPackageReference "Hero" */;
			productName = Hero;
		};
/* End XCSwiftPackageProductDependency section */
	};
	rootObject = AF05595B2EA175020051871E /* Project object */;
}
